
Microsoft Visual Studio Solution File, Format Version 12.00
# Visual Studio Version 16
VisualStudioVersion = 16.0.30717.126
MinimumVisualStudioVersion = 10.0.40219.1
Project("{FAE04EC0-301F-11D3-BF4B-00C04F79EFBC}") = "CatchShare", "CatchShare.csproj", "{BD156623-B5F8-4D54-8DF5-F8930F66C7A4}"
EndProject
Global
	GlobalSection(SolutionConfigurationPlatforms) = preSolution
		Debug|Any CPU = Debug|Any CPU
		Release|Any CPU = Release|Any CPU
	EndGlobalSection
	GlobalSection(ProjectConfigurationPlatforms) = postSolution
		{BD156623-B5F8-4D54-8DF5-F8930F66C7A4}.Debug|Any CPU.ActiveCfg = Debug|Any CPU
		{BD156623-B5F8-4D54-8DF5-F8930F66C7A4}.Debug|Any CPU.Build.0 = Debug|Any CPU
		{BD156623-B5F8-4D54-8DF5-F8930F66C7A4}.Release|Any CPU.ActiveCfg = Release|Any CPU
		{BD156623-B5F8-4D54-8DF5-F8930F66C7A4}.Release|Any CPU.Build.0 = Release|Any CPU
	EndGlobalSection
	GlobalSection(SolutionProperties) = preSolution
		HideSolutionNode = FALSE
	EndGlobalSection
	GlobalSection(ExtensibilityGlobals) = postSolution
		SolutionGuid = {CB50273D-6AE3-4D2D-B443-D6E3C17141B7}
	EndGlobalSection
EndGlobal
